
Microsoft Visual Studio Solution File, Format Version 12.00
# Visual Studio Version 16
VisualStudioVersion = 16.0.30011.22
MinimumVisualStudioVersion = 10.0.40219.1
Project("{9A19103F-16F7-4668-BE54-9A1E7A4F7556}") = "ROP", "src\ROP\ROP.csproj", "{6069CC5A-78CE-4A04-A6DD-DD5CAF17F073}"
EndProject
Project("{9A19103F-16F7-4668-BE54-9A1E7A4F7556}") = "ROP.Ejemplo.CasoDeUso", "test\ROP.Ejemplo.CasoDeUso\ROP.Ejemplo.CasoDeUso.csproj", "{C9A22175-74E6-4909-ADED-7493CCC2B552}"
EndProject
Project("{FAE04EC0-301F-11D3-BF4B-00C04F79EFBC}") = "ROP.UnitTest", "test\ROP.UnitTest\ROP.UnitTest.csproj", "{357A2DA5-9156-48C7-8B48-8746BB4D3220}"
EndProject
Global
	GlobalSection(SolutionConfigurationPlatforms) = preSolution
		Debug|Any CPU = Debug|Any CPU
		Release|Any CPU = Release|Any CPU
	EndGlobalSection
	GlobalSection(ProjectConfigurationPlatforms) = postSolution
		{6069CC5A-78CE-4A04-A6DD-DD5CAF17F073}.Debug|Any CPU.ActiveCfg = Debug|Any CPU
		{6069CC5A-78CE-4A04-A6DD-DD5CAF17F073}.Debug|Any CPU.Build.0 = Debug|Any CPU
		{6069CC5A-78CE-4A04-A6DD-DD5CAF17F073}.Release|Any CPU.ActiveCfg = Release|Any CPU
		{6069CC5A-78CE-4A04-A6DD-DD5CAF17F073}.Release|Any CPU.Build.0 = Release|Any CPU
		{C9A22175-74E6-4909-ADED-7493CCC2B552}.Debug|Any CPU.ActiveCfg = Debug|Any CPU
		{C9A22175-74E6-4909-ADED-7493CCC2B552}.Debug|Any CPU.Build.0 = Debug|Any CPU
		{C9A22175-74E6-4909-ADED-7493CCC2B552}.Release|Any CPU.ActiveCfg = Release|Any CPU
		{C9A22175-74E6-4909-ADED-7493CCC2B552}.Release|Any CPU.Build.0 = Release|Any CPU
		{357A2DA5-9156-48C7-8B48-8746BB4D3220}.Debug|Any CPU.ActiveCfg = Debug|Any CPU
		{357A2DA5-9156-48C7-8B48-8746BB4D3220}.Debug|Any CPU.Build.0 = Debug|Any CPU
		{357A2DA5-9156-48C7-8B48-8746BB4D3220}.Release|Any CPU.ActiveCfg = Release|Any CPU
		{357A2DA5-9156-48C7-8B48-8746BB4D3220}.Release|Any CPU.Build.0 = Release|Any CPU
	EndGlobalSection
	GlobalSection(SolutionProperties) = preSolution
		HideSolutionNode = FALSE
	EndGlobalSection
	GlobalSection(ExtensibilityGlobals) = postSolution
		SolutionGuid = {C58F84BB-3AED-43E7-A63A-29C4E96612EB}
	EndGlobalSection
EndGlobal
